{
  "nodes": {
    "disko": {
      "flake": false,
      "locked": {
        "lastModified": 1678067051,
        "narHash": "sha256-0QN2lO6dp4OlEysqufuXEgW1QywANKCuF+6EsNXcZ7o=",
        "owner": "nix-community",
        "repo": "disko",
        "rev": "cf705ee16161b29b0e18983ecd8df3cb50f66142",
        "type": "github"
      },
      "original": {
        "owner": "nix-community",
        "repo": "disko",
        "type": "github"
      }
    },
    "expidus-sdk": {
      "inputs": {
        "disko": "disko",
        "flake-utils": "flake-utils",
        "home-manager": "home-manager",
        "mobile-nixos": "mobile-nixos",
        "nixpkgs": [
          "nixpkgs"
        ]
      },
      "locked": {
        "lastModified": 1678164925,
        "narHash": "sha256-qDYEru2oJe0KmaUlLXY0kPbV4x3nq8qbU3V95EX4rrA=",
        "owner": "ExpidusOS",
        "repo": "sdk",
        "rev": "148ec358f3e2c251a5b7d04b97229c78a5f07764",
        "type": "github"
      },
      "original": {
        "owner": "ExpidusOS",
        "repo": "sdk",
        "type": "github"
      }
    },
    "flake-compat": {
      "flake": false,
      "locked": {
        "lastModified": 1673956053,
        "narHash": "sha256-4gtG9iQuiKITOjNQQeQIpoIB6b16fm+504Ch3sNKLd8=",
        "owner": "edolstra",
        "repo": "flake-compat",
        "rev": "35bb57c0c8d8b62bbfd284272c928ceb64ddbde9",
        "type": "github"
      },
      "original": {
        "owner": "edolstra",
        "repo": "flake-compat",
        "type": "github"
      }
    },
    "flake-utils": {
      "locked": {
        "lastModified": 1676283394,
        "narHash": "sha256-XX2f9c3iySLCw54rJ/CZs+ZK6IQy7GXNY4nSOyu2QG4=",
        "owner": "numtide",
        "repo": "flake-utils",
        "rev": "3db36a8b464d0c4532ba1c7dda728f4576d6d073",
        "type": "github"
      },
      "original": {
        "owner": "numtide",
        "repo": "flake-utils",
        "type": "github"
      }
    },
    "home-manager": {
      "flake": false,
      "locked": {
        "lastModified": 1677757546,
        "narHash": "sha256-tA1ukoluctzLVyWRaKtD4KlTwgXbUsGB5vcyni1OJ9I=",
        "owner": "nix-community",
        "repo": "home-manager",
        "rev": "86bb69b0b1e10d99a30c4352f230f03106dd0f8a",
        "type": "github"
      },
      "original": {
        "owner": "nix-community",
        "ref": "release-22.11",
        "repo": "home-manager",
        "type": "github"
      }
    },
    "mobile-nixos": {
      "flake": false,
      "locked": {
        "lastModified": 1677879564,
        "narHash": "sha256-luJTRYY1zEoN5fSGwbZxq66IE1kdrqOq0/iBWzw7gOI=",
        "owner": "NixOS",
        "repo": "mobile-nixos",
        "rev": "9a0c317a027d1c085c641fe6df1f51b71880b720",
        "type": "github"
      },
      "original": {
        "owner": "NixOS",
        "repo": "mobile-nixos",
        "type": "github"
      }
    },
    "nixpkgs": {
      "locked": {
        "lastModified": 1678408919,
        "narHash": "sha256-Vj5glbjJQW/4GyUKzV6wo+iww8EVy8hLmM1jRqCePQ4=",
        "owner": "ExpidusOS",
        "repo": "nixpkgs",
        "rev": "6ddeb3c08fbbdaeb2c664c09ae4a75c8089d4de9",
        "type": "github"
      },
      "original": {
        "owner": "ExpidusOS",
        "repo": "nixpkgs",
        "type": "github"
      }
    },
    "root": {
      "inputs": {
        "expidus-sdk": "expidus-sdk",
        "nixpkgs": "nixpkgs",
        "zig-overlay": "zig-overlay"
      }
    },
    "zig-overlay": {
      "inputs": {
        "flake-compat": "flake-compat",
        "flake-utils": [
          "expidus-sdk",
          "flake-utils"
        ],
        "nixpkgs": [
          "expidus-sdk"
        ]
      },
      "locked": {
        "lastModified": 1679227668,
        "narHash": "sha256-yEqKTxMFZq54XS1F4siaQZeHx/Aq5f/PvRrCv0V0EM8=",
        "owner": "mitchellh",
        "repo": "zig-overlay",
        "rev": "b3a2797a440b84f31d5cc893a741890206c839c4",
        "type": "github"
      },
      "original": {
        "owner": "mitchellh",
        "repo": "zig-overlay",
        "type": "github"
      }
    }
  },
  "root": "root",
  "version": 7
}
