# Generated by pub
# See https://dart.dev/tools/pub/glossary#lockfile
packages:
  ffi:
    dependency: transitive
    description:
      name: ffi
      url: "https://pub.dartlang.org"
    source: hosted
    version: "2.0.1"
  flutter_engine:
    dependency: "direct main"
    description:
      path: flutter_engine
      relative: true
    source: path
    version: "0.1.0"
  js:
    dependency: transitive
    description:
      name: js
      url: "https://pub.dartlang.org"
    source: hosted
    version: "0.6.5"
  meta:
    dependency: transitive
    description:
      name: meta
      url: "https://pub.dartlang.org"
    source: hosted
    version: "1.9.0"
  neutron_displaykit:
    dependency: "direct main"
    description:
      path: displaykit
      relative: true
    source: path
    version: "0.1.0"
  neutron_elemental:
    dependency: "direct main"
    description:
      path: elemental
      relative: true
    source: path
    version: "0.1.0"
  neutron_graphics:
    dependency: "direct main"
    description:
      path: graphics
      relative: true
    source: path
    version: "0.1.0"
  neutron_inputcore:
    dependency: "direct main"
    description:
      path: inputcore
      relative: true
    source: path
    version: "0.1.0"
  neutron_platform:
    dependency: "direct main"
    description:
      path: platform
      relative: true
    source: path
    version: "0.1.0"
  neutron_runtime:
    dependency: "direct main"
    description:
      path: runtime
      relative: true
    source: path
    version: "0.1.0"
  neutron_shimmy:
    dependency: "direct main"
    description:
      path: shimmy
      relative: true
    source: path
    version: "0.1.0"
  web_ffi:
    dependency: transitive
    description:
      name: web_ffi
      url: "https://pub.dartlang.org"
    source: hosted
    version: "0.7.2"
sdks:
  dart: ">=2.18.0 <3.0.0"
